{
  "name": "jev-scanner",
  "version": "1.0.0",
  "lockfileVersion": 3,
  "requires": true,
  "packages": {
    "": {
      "name": "jev-scanner",
      "version": "1.0.0",
      "dependencies": {
        "@typesafe-ai/sdk": "0.6.0",
        "better-sqlite3": "13.0.3",
        "dotenv": "18.0.3"
      },
      "engines": {
        "node": ">=20"
      }
    },
    "node_modules/@typesafe-ai/sdk": {
      "version": "0.6.0",
      "resolved": "https://registry.npmjs.org/@typesafe-ai/sdk/-/sdk-0.6.0.tgz",
      "integrity": "sha512-IddX+Q0XM+VagOUZFeP7wZjaO4SHMdvnh2zEBdrZZnXedWI3BNK1lKhMx3ayrkFWvVLbVcUHJy6AVZlY+e6Jaw==",
      "license": "MIT",
      "engines": {
        "node": ">=20"
      }
    },
    "node_modules/better-sqlite3": {
      "version": "13.0.3",
      "resolved": "https://registry.npmjs.org/better-sqlite3/-/better-sqlite3-13.0.3.tgz",
      "integrity": "sha512-RbOBxmLBG8uvFUc15X9+9SFemKcQ0WBuISBVkpuiaUB2qblC8UWlHEjdWVoZ8AdhSwmoEgsiXKfopX0CQxaACQ==",
      "license": "MIT",
      "dependencies": {
        "node-addon-api": "^8.0.0"
      },
      "engines": {
        "node": ">=22"
      }
    },
    "node_modules/dotenv": {
      "version": "18.0.3",
      "resolved": "https://registry.npmjs.org/dotenv/-/dotenv-18.0.3.tgz",
      "integrity": "sha512-/8CJTyL817qPnfbQrJgOEcrU3fDrJkRIoXBE566wHuvIXKOCHUZhPqGPbCPi9SogjdGnreF0TlvnTgK6J/8zpA==",
      "license": "BSD-2-Clause",
      "bin": {
        "dotenv": "dist/index.cjs"
      },
      "engines": {
        "node": ">=12"
      },
      "funding": {
        "url": "https://dotenvx.com"
      }
    },
    "node_modules/node-addon-api": {
      "version": "8.9.2",
      "resolved": "https://registry.npmjs.org/node-addon-api/-/node-addon-api-8.9.2.tgz",
      "integrity": "sha512-VijLXbi3UACN69I0JVXJsX4tjACjNoQDgv2gTF6sx2wWEi8tkSg2eX8p5gSIFi8z2+DL3oHmY6OyKce38SDolg==",
      "license": "MIT",
      "engines": {
        "node": "^18 || ^20 || >= 21"
      }
    }
  }
}
